// !$*UTF8*$!
{
	archiveVersion = 1;
	classes = {
	};
	objectVersion = 46;
	objects = {

/* Begin PBXBuildFile section */
		7A22BD141557305A00D9F2F5 /* UIKit.framework in Frameworks */ = {isa = PBXBuildFile; fileRef = 7A22BD131557305A00D9F2F5 /* UIKit.framework */; };
		7A22BD161557305A00D9F2F5 /* Foundation.framework in Frameworks */ = {isa = PBXBuildFile; fileRef = 7A22BD151557305A00D9F2F5 /* Foundation.framework */; };
		7A22BD181557305A00D9F2F5 /* CoreGraphics.framework in Frameworks */ = {isa = PBXBuildFile; fileRef = 7A22BD171557305A00D9F2F5 /* CoreGraphics.framework */; };
		7A22BD1E1557305A00D9F2F5 /* InfoPlist.strings in Resources */ = {isa = PBXBuildFile; fileRef = 7A22BD1C1557305A00D9F2F5 /* InfoPlist.strings */; };
		7A22BD201557305A00D9F2F5 /* main.m in Sources */ = {isa = PBXBuildFile; fileRef = 7A22BD1F1557305A00D9F2F5 /* main.m */; };
		7A22BD241557305A00D9F2F5 /* AppDelegate.m in Sources */ = {isa = PBXBuildFile; fileRef = 7A22BD231557305A00D9F2F5 /* AppDelegate.m */; };
		7A22BD271557305A00D9F2F5 /* ViewController.m in Sources */ = {isa = PBXBuildFile; fileRef = 7A22BD261557305A00D9F2F5 /* ViewController.m */; };
		7A22BD2A1557305A00D9F2F5 /* ViewController.xib in Resources */ = {isa = PBXBuildFile; fileRef = 7A22BD281557305A00D9F2F5 /* ViewController.xib */; };
/* End PBXBuildFile section */

/* Begin PBXFileReference section */
		7A22BD0F1557305A00D9F2F5 /* UploadTest.app */ = {isa = PBXFileReference; explicitFileType = wrapper.application; includeInIndex = 0; path = UploadTest.app; sourceTree = BUILT_PRODUCTS_DIR; };
		7A22BD131557305A00D9F2F5 /* UIKit.framework */ = {isa = PBXFileReference; lastKnownFileType = wrapper.framework; name = UIKit.framework; path = System/Library/Frameworks/UIKit.framework; sourceTree = SDKROOT; };
		7A22BD151557305A00D9F2F5 /* Foundation.framework */ = {isa = PBXFileReference; lastKnownFileType = wrapper.framework; name = Foundation.framework; path = System/Library/Frameworks/Foundation.framework; sourceTree = SDKROOT; };
		7A22BD171557305A00D9F2F5 /* CoreGraphics.framework */ = {isa = PBXFileReference; lastKnownFileType = wrapper.framework; name = CoreGraphics.framework; path = System/Library/Frameworks/CoreGraphics.framework; sourceTree = SDKROOT; };
		7A22BD1B1557305A00D9F2F5 /* UploadTest-Info.plist */ = {isa = PBXFileReference; lastKnownFileType = text.plist.xml; path = "UploadTest-Info.plist"; sourceTree = "<group>"; };
		7A22BD1D1557305A00D9F2F5 /* en */ = {isa = PBXFileReference; lastKnownFileType = text.plist.strings; name = en; path = en.lproj/InfoPlist.strings; sourceTree = "<group>"; };
		7A22BD1F1557305A00D9F2F5 /* main.m */ = {isa = PBXFileReference; lastKnownFileType = sourcecode.c.objc; path = main.m; sourceTree = "<group>"; };
		7A22BD211557305A00D9F2F5 /* UploadTest-Prefix.pch */ = {isa = PBXFileReference; lastKnownFileType = sourcecode.c.h; path = "UploadTest-Prefix.pch"; sourceTree = "<group>"; };
		7A22BD221557305A00D9F2F5 /* AppDelegate.h */ = {isa = PBXFileReference; lastKnownFileType = sourcecode.c.h; path = AppDelegate.h; sourceTree = "<group>"; };
		7A22BD231557305A00D9F2F5 /* AppDelegate.m */ = {isa = PBXFileReference; lastKnownFileType = sourcecode.c.objc; path = AppDelegate.m; sourceTree = "<group>"; };
		7A22BD251557305A00D9F2F5 /* ViewController.h */ = {isa = PBXFileReference; lastKnownFileType = sourcecode.c.h; path = ViewController.h; sourceTree = "<group>"; };
		7A22BD261557305A00D9F2F5 /* ViewController.m */ = {isa = PBXFileReference; lastKnownFileType = sourcecode.c.objc; path = ViewController.m; sourceTree = "<group>"; };
		7A22BD291557305A00D9F2F5 /* en */ = {isa = PBXFileReference; lastKnownFileType = file.xib; name = en; path = en.lproj/ViewController.xib; sourceTree = "<group>"; };
/* End PBXFileReference section */

/* Begin PBXFrameworksBuildPhase section */
		7A22BD0C1557305A00D9F2F5 /* Frameworks */ = {
			isa = PBXFrameworksBuildPhase;
			buildActionMask = 2147483647;
			files = (
				7A22BD141557305A00D9F2F5 /* UIKit.framework in Frameworks */,
				7A22BD161557305A00D9F2F5 /* Foundation.framework in Frameworks */,
				7A22BD181557305A00D9F2F5 /* CoreGraphics.framework in Frameworks */,
			);
			runOnlyForDeploymentPostprocessing = 0;
		};
/* End PBXFrameworksBuildPhase section */

/* Begin PBXGroup section */
		7A22BD041557305900D9F2F5 = {
			isa = PBXGroup;
			children = (
				7A22BD191557305A00D9F2F5 /* UploadTest */,
				7A22BD121557305A00D9F2F5 /* Frameworks */,
				7A22BD101557305A00D9F2F5 /* Products */,
			);
			sourceTree = "<group>";
		};
		7A22BD101557305A00D9F2F5 /* Products */ = {
			isa = PBXGroup;
			children = (
				7A22BD0F1557305A00D9F2F5 /* UploadTest.app */,
			);
			name = Products;
			sourceTree = "<group>";
		};
		7A22BD121557305A00D9F2F5 /* Frameworks */ = {
			isa = PBXGroup;
			children = (
				7A22BD131557305A00D9F2F5 /* UIKit.framework */,
				7A22BD151557305A00D9F2F5 /* Foundation.framework */,
				7A22BD171557305A00D9F2F5 /* CoreGraphics.framework */,
			);
			name = Frameworks;
			sourceTree = "<group>";
		};
		7A22BD191557305A00D9F2F5 /* UploadTest */ = {
			isa = PBXGroup;
			children = (
				7A22BD221557305A00D9F2F5 /* AppDelegate.h */,
				7A22BD231557305A00D9F2F5 /* AppDelegate.m */,
				7A22BD251557305A00D9F2F5 /* ViewController.h */,
				7A22BD261557305A00D9F2F5 /* ViewController.m */,
				7A22BD281557305A00D9F2F5 /* ViewController.xib */,
				7A22BD1A1557305A00D9F2F5 /* Supporting Files */,
			);
			path = UploadTest;
			sourceTree = "<group>";
		};
		7A22BD1A1557305A00D9F2F5 /* Supporting Files */ = {
			isa = PBXGroup;
			children = (
				7A22BD1B1557305A00D9F2F5 /* UploadTest-Info.plist */,
				7A22BD1C1557305A00D9F2F5 /* InfoPlist.strings */,
				7A22BD1F1557305A00D9F2F5 /* main.m */,
				7A22BD211557305A00D9F2F5 /* UploadTest-Prefix.pch */,
			);
			name = "Supporting Files";
			sourceTree = "<group>";
		};
/* End PBXGroup section */

/* Begin PBXNativeTarget section */
		7A22BD0E1557305A00D9F2F5 /* UploadTest */ = {
			isa = PBXNativeTarget;
			buildConfigurationList = 7A22BD2D1557305A00D9F2F5 /* Build configuration list for PBXNativeTarget "UploadTest" */;
			buildPhases = (
				7A22BD0B1557305A00D9F2F5 /* Sources */,
				7A22BD0C1557305A00D9F2F5 /* Frameworks */,
				7A22BD0D1557305A00D9F2F5 /* Resources */,
			);
			buildRules = (
			);
			dependencies = (
			);
			name = UploadTest;
			productName = UploadTest;
			productReference = 7A22BD0F1557305A00D9F2F5 /* UploadTest.app */;
			productType = "com.apple.product-type.application";
		};
/* End PBXNativeTarget section */

/* Begin PBXProject section */
		7A22BD061557305900D9F2F5 /* Project object */ = {
			isa = PBXProject;
			attributes = {
				LastUpgradeCheck = 0420;
				ORGANIZATIONNAME = "Entrada Health";
			};
			buildConfigurationList = 7A22BD091557305900D9F2F5 /* Build configuration list for PBXProject "UploadTest" */;
			compatibilityVersion = "Xcode 3.2";
			developmentRegion = English;
			hasScannedForEncodings = 0;
			knownRegions = (
				en,
			);
			mainGroup = 7A22BD041557305900D9F2F5;
			productRefGroup = 7A22BD101557305A00D9F2F5 /* Products */;
			projectDirPath = "";
			projectRoot = "";
			targets = (
				7A22BD0E1557305A00D9F2F5 /* UploadTest */,
			);
		};
/* End PBXProject section */

/* Begin PBXResourcesBuildPhase section */
		7A22BD0D1557305A00D9F2F5 /* Resources */ = {
			isa = PBXResourcesBuildPhase;
			buildActionMask = 2147483647;
			files = (
				7A22BD1E1557305A00D9F2F5 /* InfoPlist.strings in Resources */,
				7A22BD2A1557305A00D9F2F5 /* ViewController.xib in Resources */,
			);
			runOnlyForDeploymentPostprocessing = 0;
		};
/* End PBXResourcesBuildPhase section */

/* Begin PBXSourcesBuildPhase section */
		7A22BD0B1557305A00D9F2F5 /* Sources */ = {
			isa = PBXSourcesBuildPhase;
			buildActionMask = 2147483647;
			files = (
				7A22BD201557305A00D9F2F5 /* main.m in Sources */,
				7A22BD241557305A00D9F2F5 /* AppDelegate.m in Sources */,
				7A22BD271557305A00D9F2F5 /* ViewController.m in Sources */,
			);
			runOnlyForDeploymentPostprocessing = 0;
		};
/* End PBXSourcesBuildPhase section */

/* Begin PBXVariantGroup section */
		7A22BD1C1557305A00D9F2F5 /* InfoPlist.strings */ = {
			isa = PBXVariantGroup;
			children = (
				7A22BD1D1557305A00D9F2F5 /* en */,
			);
			name = InfoPlist.strings;
			sourceTree = "<group>";
		};
		7A22BD281557305A00D9F2F5 /* ViewController.xib */ = {
			isa = PBXVariantGroup;
			children = (
				7A22BD291557305A00D9F2F5 /* en */,
			);
			name = ViewController.xib;
			sourceTree = "<group>";
		};
/* End PBXVariantGroup section */

/* Begin XCBuildConfiguration section */
		7A22BD2B1557305A00D9F2F5 /* Debug */ = {
			isa = XCBuildConfiguration;
			buildSettings = {
				ALWAYS_SEARCH_USER_PATHS = NO;
				ARCHS = "$(ARCHS_STANDARD_32_BIT)";
				CLANG_ENABLE_OBJC_ARC = YES;
				"CODE_SIGN_IDENTITY[sdk=iphoneos*]" = "iPhone Developer: Jackson Harper (5DNXU9TD5N)";
				COPY_PHASE_STRIP = NO;
				GCC_C_LANGUAGE_STANDARD = gnu99;
				GCC_DYNAMIC_NO_PIC = NO;
				GCC_OPTIMIZATION_LEVEL = 0;
				GCC_PREPROCESSOR_DEFINITIONS = (
					"DEBUG=1",
					"$(inherited)",
				);
				GCC_SYMBOLS_PRIVATE_EXTERN = NO;
				GCC_VERSION = com.apple.compilers.llvm.clang.1_0;
				GCC_WARN_ABOUT_MISSING_PROTOTYPES = YES;
				GCC_WARN_ABOUT_RETURN_TYPE = YES;
				GCC_WARN_UNUSED_VARIABLE = YES;
				IPHONEOS_DEPLOYMENT_TARGET = 5.0;
				"PROVISIONING_PROFILE[sdk=iphoneos*]" = "5F20F4CF-0266-4676-BFEA-E9B220E5BECC";
				SDKROOT = iphoneos;
			};
			name = Debug;
		};
		7A22BD2C1557305A00D9F2F5 /* Release */ = {
			isa = XCBuildConfiguration;
			buildSettings = {
				ALWAYS_SEARCH_USER_PATHS = NO;
				ARCHS = "$(ARCHS_STANDARD_32_BIT)";
				CLANG_ENABLE_OBJC_ARC = YES;
				"CODE_SIGN_IDENTITY[sdk=iphoneos*]" = "iPhone Developer";
				COPY_PHASE_STRIP = YES;
				GCC_C_LANGUAGE_STANDARD = gnu99;
				GCC_VERSION = com.apple.compilers.llvm.clang.1_0;
				GCC_WARN_ABOUT_MISSING_PROTOTYPES = YES;
				GCC_WARN_ABOUT_RETURN_TYPE = YES;
				GCC_WARN_UNUSED_VARIABLE = YES;
				IPHONEOS_DEPLOYMENT_TARGET = 5.0;
				OTHER_CFLAGS = "-DNS_BLOCK_ASSERTIONS=1";
				SDKROOT = iphoneos;
				VALIDATE_PRODUCT = YES;
			};
			name = Release;
		};
		7A22BD2E1557305A00D9F2F5 /* Debug */ = {
			isa = XCBuildConfiguration;
			buildSettings = {
				GCC_PRECOMPILE_PREFIX_HEADER = YES;
				GCC_PREFIX_HEADER = "UploadTest/UploadTest-Prefix.pch";
				INFOPLIST_FILE = "UploadTest/UploadTest-Info.plist";
				PRODUCT_NAME = "$(TARGET_NAME)";
				WRAPPER_EXTENSION = app;
			};
			name = Debug;
		};
		7A22BD2F1557305A00D9F2F5 /* Release */ = {
			isa = XCBuildConfiguration;
			buildSettings = {
				GCC_PRECOMPILE_PREFIX_HEADER = YES;
				GCC_PREFIX_HEADER = "UploadTest/UploadTest-Prefix.pch";
				INFOPLIST_FILE = "UploadTest/UploadTest-Info.plist";
				PRODUCT_NAME = "$(TARGET_NAME)";
				WRAPPER_EXTENSION = app;
			};
			name = Release;
		};
/* End XCBuildConfiguration section */

/* Begin XCConfigurationList section */
		7A22BD091557305900D9F2F5 /* Build configuration list for PBXProject "UploadTest" */ = {
			isa = XCConfigurationList;
			buildConfigurations = (
				7A22BD2B1557305A00D9F2F5 /* Debug */,
				7A22BD2C1557305A00D9F2F5 /* Release */,
			);
			defaultConfigurationIsVisible = 0;
			defaultConfigurationName = Release;
		};
		7A22BD2D1557305A00D9F2F5 /* Build configuration list for PBXNativeTarget "UploadTest" */ = {
			isa = XCConfigurationList;
			buildConfigurations = (
				7A22BD2E1557305A00D9F2F5 /* Debug */,
				7A22BD2F1557305A00D9F2F5 /* Release */,
			);
			defaultConfigurationIsVisible = 0;
		};
/* End XCConfigurationList section */
	};
	rootObject = 7A22BD061557305900D9F2F5 /* Project object */;
}
